
Microsoft Visual Studio Solution File, Format Version 12.00
# Visual Studio Version 17
VisualStudioVersion = 17.14.37111.16 d17.14
MinimumVisualStudioVersion = 10.0.40219.1
Project("{FAE04EC0-301F-11D3-BF4B-00C04F79EFBC}") = "Azure", "Azure.csproj", "{EB90C658-0D3C-4575-8013-BEAA034EF6C8}"
EndProject
Global
	GlobalSection(SolutionConfigurationPlatforms) = preSolution
		Debug|Any CPU = Debug|Any CPU
		Release|Any CPU = Release|Any CPU
	EndGlobalSection
	GlobalSection(ProjectConfigurationPlatforms) = postSolution
		{EB90C658-0D3C-4575-8013-BEAA034EF6C8}.Debug|Any CPU.ActiveCfg = Debug|Any CPU
		{EB90C658-0D3C-4575-8013-BEAA034EF6C8}.Debug|Any CPU.Build.0 = Debug|Any CPU
		{EB90C658-0D3C-4575-8013-BEAA034EF6C8}.Release|Any CPU.ActiveCfg = Release|Any CPU
		{EB90C658-0D3C-4575-8013-BEAA034EF6C8}.Release|Any CPU.Build.0 = Release|Any CPU
	EndGlobalSection
	GlobalSection(SolutionProperties) = preSolution
		HideSolutionNode = FALSE
	EndGlobalSection
	GlobalSection(ExtensibilityGlobals) = postSolution
		SolutionGuid = {C122316D-7DAC-44B7-9B53-2DAED07BB2FB}
	EndGlobalSection
EndGlobal
